// !$*UTF8*$!
{
	archiveVersion = 1;
	classes = {
	};
	objectVersion = 56;
	objects = {

/* Begin PBXBuildFile section */
		0A982DFE29B2AC640005FF66 /* SecondViewController.swift in Sources */ = {isa = PBXBuildFile; fileRef = 0A982DFD29B2AC640005FF66 /* SecondViewController.swift */; };
		0AC3837629B12AE600E4A99D /* AppDelegate.swift in Sources */ = {isa = PBXBuildFile; fileRef = 0AC3837529B12AE600E4A99D /* AppDelegate.swift */; };
		0AC3837829B12AE600E4A99D /* SceneDelegate.swift in Sources */ = {isa = PBXBuildFile; fileRef = 0AC3837729B12AE600E4A99D /* SceneDelegate.swift */; };
		0AC3837A29B12AE600E4A99D /* FirstViewController.swift in Sources */ = {isa = PBXBuildFile; fileRef = 0AC3837929B12AE600E4A99D /* FirstViewController.swift */; };
		0AC3837D29B12AE600E4A99D /* Main.storyboard in Resources */ = {isa = PBXBuildFile; fileRef = 0AC3837B29B12AE600E4A99D /* Main.storyboard */; };
		0AC3837F29B12AE800E4A99D /* Assets.xcassets in Resources */ = {isa = PBXBuildFile; fileRef = 0AC3837E29B12AE800E4A99D /* Assets.xcassets */; };
		0AC3838229B12AE800E4A99D /* LaunchScreen.storyboard in Resources */ = {isa = PBXBuildFile; fileRef = 0AC3838029B12AE800E4A99D /* LaunchScreen.storyboard */; };
		0AC3838C29B12D4700E4A99D /* API Manager.swift in Sources */ = {isa = PBXBuildFile; fileRef = 0AC3838B29B12D4700E4A99D /* API Manager.swift */; };
		0AC3838F29B1321900E4A99D /* proPlayers.swift in Sources */ = {isa = PBXBuildFile; fileRef = 0AC3838E29B1321900E4A99D /* proPlayers.swift */; };
/* End PBXBuildFile section */

/* Begin PBXFileReference section */
		0A982DFD29B2AC640005FF66 /* SecondViewController.swift */ = {isa = PBXFileReference; lastKnownFileType = sourcecode.swift; path = SecondViewController.swift; sourceTree = "<group>"; };
		0AC3837229B12AE600E4A99D /* ValveAPI.app */ = {isa = PBXFileReference; explicitFileType = wrapper.application; includeInIndex = 0; path = ValveAPI.app; sourceTree = BUILT_PRODUCTS_DIR; };
		0AC3837529B12AE600E4A99D /* AppDelegate.swift */ = {isa = PBXFileReference; lastKnownFileType = sourcecode.swift; path = AppDelegate.swift; sourceTree = "<group>"; };
		0AC3837729B12AE600E4A99D /* SceneDelegate.swift */ = {isa = PBXFileReference; lastKnownFileType = sourcecode.swift; path = SceneDelegate.swift; sourceTree = "<group>"; };
		0AC3837929B12AE600E4A99D /* FirstViewController.swift */ = {isa = PBXFileReference; lastKnownFileType = sourcecode.swift; path = FirstViewController.swift; sourceTree = "<group>"; };
		0AC3837C29B12AE600E4A99D /* Base */ = {isa = PBXFileReference; lastKnownFileType = file.storyboard; name = Base; path = Base.lproj/Main.storyboard; sourceTree = "<group>"; };
		0AC3837E29B12AE800E4A99D /* Assets.xcassets */ = {isa = PBXFileReference; lastKnownFileType = folder.assetcatalog; path = Assets.xcassets; sourceTree = "<group>"; };
		0AC3838129B12AE800E4A99D /* Base */ = {isa = PBXFileReference; lastKnownFileType = file.storyboard; name = Base; path = Base.lproj/LaunchScreen.storyboard; sourceTree = "<group>"; };
		0AC3838329B12AE800E4A99D /* Info.plist */ = {isa = PBXFileReference; lastKnownFileType = text.plist.xml; path = Info.plist; sourceTree = "<group>"; };
		0AC3838B29B12D4700E4A99D /* API Manager.swift */ = {isa = PBXFileReference; lastKnownFileType = sourcecode.swift; path = "API Manager.swift"; sourceTree = "<group>"; };
		0AC3838E29B1321900E4A99D /* proPlayers.swift */ = {isa = PBXFileReference; lastKnownFileType = sourcecode.swift; path = proPlayers.swift; sourceTree = "<group>"; };
/* End PBXFileReference section */

/* Begin PBXFrameworksBuildPhase section */
		0AC3836F29B12AE600E4A99D /* Frameworks */ = {
			isa = PBXFrameworksBuildPhase;
			buildActionMask = 2147483647;
			files = (
			);
			runOnlyForDeploymentPostprocessing = 0;
		};
/* End PBXFrameworksBuildPhase section */

/* Begin PBXGroup section */
		0A03779D29B145B200B9469C /* Controllers */ = {
			isa = PBXGroup;
			children = (
				0AC3837929B12AE600E4A99D /* FirstViewController.swift */,
				0A982DFD29B2AC640005FF66 /* SecondViewController.swift */,
			);
			path = Controllers;
			sourceTree = "<group>";
		};
		0A03779E29B145BE00B9469C /* Views */ = {
			isa = PBXGroup;
			children = (
				0AC3837B29B12AE600E4A99D /* Main.storyboard */,
				0AC3838029B12AE800E4A99D /* LaunchScreen.storyboard */,
			);
			path = Views;
			sourceTree = "<group>";
		};
		0AC3836929B12AE600E4A99D = {
			isa = PBXGroup;
			children = (
				0AC3837429B12AE600E4A99D /* ValveAPI */,
				0AC3837329B12AE600E4A99D /* Products */,
			);
			sourceTree = "<group>";
		};
		0AC3837329B12AE600E4A99D /* Products */ = {
			isa = PBXGroup;
			children = (
				0AC3837229B12AE600E4A99D /* ValveAPI.app */,
			);
			name = Products;
			sourceTree = "<group>";
		};
		0AC3837429B12AE600E4A99D /* ValveAPI */ = {
			isa = PBXGroup;
			children = (
				0A03779E29B145BE00B9469C /* Views */,
				0A03779D29B145B200B9469C /* Controllers */,
				0AC3838929B12D1400E4A99D /* API */,
				0AC3838A29B12D1C00E4A99D /* Services */,
				0AC3837529B12AE600E4A99D /* AppDelegate.swift */,
				0AC3837729B12AE600E4A99D /* SceneDelegate.swift */,
				0AC3837E29B12AE800E4A99D /* Assets.xcassets */,
				0AC3838329B12AE800E4A99D /* Info.plist */,
			);
			path = ValveAPI;
			sourceTree = "<group>";
		};
		0AC3838929B12D1400E4A99D /* API */ = {
			isa = PBXGroup;
			children = (
				0AC3838D29B1320200E4A99D /* Models */,
			);
			path = API;
			sourceTree = "<group>";
		};
		0AC3838A29B12D1C00E4A99D /* Services */ = {
			isa = PBXGroup;
			children = (
				0AC3838B29B12D4700E4A99D /* API Manager.swift */,
			);
			path = Services;
			sourceTree = "<group>";
		};
		0AC3838D29B1320200E4A99D /* Models */ = {
			isa = PBXGroup;
			children = (
				0AC3838E29B1321900E4A99D /* proPlayers.swift */,
			);
			path = Models;
			sourceTree = "<group>";
		};
/* End PBXGroup section */

/* Begin PBXNativeTarget section */
		0AC3837129B12AE600E4A99D /* ValveAPI */ = {
			isa = PBXNativeTarget;
			buildConfigurationList = 0AC3838629B12AE800E4A99D /* Build configuration list for PBXNativeTarget "ValveAPI" */;
			buildPhases = (
				0AC3836E29B12AE600E4A99D /* Sources */,
				0AC3836F29B12AE600E4A99D /* Frameworks */,
				0AC3837029B12AE600E4A99D /* Resources */,
			);
			buildRules = (
			);
			dependencies = (
			);
			name = ValveAPI;
			productName = ValveAPI;
			productReference = 0AC3837229B12AE600E4A99D /* ValveAPI.app */;
			productType = "com.apple.product-type.application";
		};
/* End PBXNativeTarget section */

/* Begin PBXProject section */
		0AC3836A29B12AE600E4A99D /* Project object */ = {
			isa = PBXProject;
			attributes = {
				BuildIndependentTargetsInParallel = 1;
				LastSwiftUpdateCheck = 1420;
				LastUpgradeCheck = 1420;
				TargetAttributes = {
					0AC3837129B12AE600E4A99D = {
						CreatedOnToolsVersion = 14.2;
					};
				};
			};
			buildConfigurationList = 0AC3836D29B12AE600E4A99D /* Build configuration list for PBXProject "ValveAPI" */;
			compatibilityVersion = "Xcode 14.0";
			developmentRegion = en;
			hasScannedForEncodings = 0;
			knownRegions = (
				en,
				Base,
			);
			mainGroup = 0AC3836929B12AE600E4A99D;
			productRefGroup = 0AC3837329B12AE600E4A99D /* Products */;
			projectDirPath = "";
			projectRoot = "";
			targets = (
				0AC3837129B12AE600E4A99D /* ValveAPI */,
			);
		};
/* End PBXProject section */

/* Begin PBXResourcesBuildPhase section */
		0AC3837029B12AE600E4A99D /* Resources */ = {
			isa = PBXResourcesBuildPhase;
			buildActionMask = 2147483647;
			files = (
				0AC3838229B12AE800E4A99D /* LaunchScreen.storyboard in Resources */,
				0AC3837F29B12AE800E4A99D /* Assets.xcassets in Resources */,
				0AC3837D29B12AE600E4A99D /* Main.storyboard in Resources */,
			);
			runOnlyForDeploymentPostprocessing = 0;
		};
/* End PBXResourcesBuildPhase section */

/* Begin PBXSourcesBuildPhase section */
		0AC3836E29B12AE600E4A99D /* Sources */ = {
			isa = PBXSourcesBuildPhase;
			buildActionMask = 2147483647;
			files = (
				0AC3837A29B12AE600E4A99D /* FirstViewController.swift in Sources */,
				0AC3838F29B1321900E4A99D /* proPlayers.swift in Sources */,
				0AC3838C29B12D4700E4A99D /* API Manager.swift in Sources */,
				0A982DFE29B2AC640005FF66 /* SecondViewController.swift in Sources */,
				0AC3837629B12AE600E4A99D /* AppDelegate.swift in Sources */,
				0AC3837829B12AE600E4A99D /* SceneDelegate.swift in Sources */,
			);
			runOnlyForDeploymentPostprocessing = 0;
		};
/* End PBXSourcesBuildPhase section */

/* Begin PBXVariantGroup section */
		0AC3837B29B12AE600E4A99D /* Main.storyboard */ = {
			isa = PBXVariantGroup;
			children = (
				0AC3837C29B12AE600E4A99D /* Base */,
			);
			name = Main.storyboard;
			sourceTree = "<group>";
		};
		0AC3838029B12AE800E4A99D /* LaunchScreen.storyboard */ = {
			isa = PBXVariantGroup;
			children = (
				0AC3838129B12AE800E4A99D /* Base */,
			);
			name = LaunchScreen.storyboard;
			sourceTree = "<group>";
		};
/* End PBXVariantGroup section */

/* Begin XCBuildConfiguration section */
		0AC3838429B12AE800E4A99D /* Debug */ = {
			isa = XCBuildConfiguration;
			buildSettings = {
				ALWAYS_SEARCH_USER_PATHS = NO;
				CLANG_ANALYZER_NONNULL = YES;
				CLANG_ANALYZER_NUMBER_OBJECT_CONVERSION = YES_AGGRESSIVE;
				CLANG_CXX_LANGUAGE_STANDARD = "gnu++20";
				CLANG_ENABLE_MODULES = YES;
				CLANG_ENABLE_OBJC_ARC = YES;
				CLANG_ENABLE_OBJC_WEAK = YES;
				CLANG_WARN_BLOCK_CAPTURE_AUTORELEASING = YES;
				CLANG_WARN_BOOL_CONVERSION = YES;
				CLANG_WARN_COMMA = YES;
				CLANG_WARN_CONSTANT_CONVERSION = YES;
				CLANG_WARN_DEPRECATED_OBJC_IMPLEMENTATIONS = YES;
				CLANG_WARN_DIRECT_OBJC_ISA_USAGE = YES_ERROR;
				CLANG_WARN_DOCUMENTATION_COMMENTS = YES;
				CLANG_WARN_EMPTY_BODY = YES;
				CLANG_WARN_ENUM_CONVERSION = YES;
				CLANG_WARN_INFINITE_RECURSION = YES;
				CLANG_WARN_INT_CONVERSION = YES;
				CLANG_WARN_NON_LITERAL_NULL_CONVERSION = YES;
				CLANG_WARN_OBJC_IMPLICIT_RETAIN_SELF = YES;
				CLANG_WARN_OBJC_LITERAL_CONVERSION = YES;
				CLANG_WARN_OBJC_ROOT_CLASS = YES_ERROR;
				CLANG_WARN_QUOTED_INCLUDE_IN_FRAMEWORK_HEADER = YES;
				CLANG_WARN_RANGE_LOOP_ANALYSIS = YES;
				CLANG_WARN_STRICT_PROTOTYPES = YES;
				CLANG_WARN_SUSPICIOUS_MOVE = YES;
				CLANG_WARN_UNGUARDED_AVAILABILITY = YES_AGGRESSIVE;
				CLANG_WARN_UNREACHABLE_CODE = YES;
				CLANG_WARN__DUPLICATE_METHOD_MATCH = YES;
				COPY_PHASE_STRIP = NO;
				DEBUG_INFORMATION_FORMAT = dwarf;
				ENABLE_STRICT_OBJC_MSGSEND = YES;
				ENABLE_TESTABILITY = YES;
				GCC_C_LANGUAGE_STANDARD = gnu11;
				GCC_DYNAMIC_NO_PIC = NO;
				GCC_NO_COMMON_BLOCKS = YES;
				GCC_OPTIMIZATION_LEVEL = 0;
				GCC_PREPROCESSOR_DEFINITIONS = (
					"DEBUG=1",
					"$(inherited)",
				);
				GCC_WARN_64_TO_32_BIT_CONVERSION = YES;
				GCC_WARN_ABOUT_RETURN_TYPE = YES_ERROR;
				GCC_WARN_UNDECLARED_SELECTOR = YES;
				GCC_WARN_UNINITIALIZED_AUTOS = YES_AGGRESSIVE;
				GCC_WARN_UNUSED_FUNCTION = YES;
				GCC_WARN_UNUSED_VARIABLE = YES;
				IPHONEOS_DEPLOYMENT_TARGET = 16.0;
				MTL_ENABLE_DEBUG_INFO = INCLUDE_SOURCE;
				MTL_FAST_MATH = YES;
				ONLY_ACTIVE_ARCH = YES;
				SDKROOT = iphoneos;
				SWIFT_ACTIVE_COMPILATION_CONDITIONS = DEBUG;
				SWIFT_OPTIMIZATION_LEVEL = "-Onone";
			};
			name = Debug;
		};
		0AC3838529B12AE800E4A99D /* Release */ = {
			isa = XCBuildConfiguration;
			buildSettings = {
				ALWAYS_SEARCH_USER_PATHS = NO;
				CLANG_ANALYZER_NONNULL = YES;
				CLANG_ANALYZER_NUMBER_OBJECT_CONVERSION = YES_AGGRESSIVE;
				CLANG_CXX_LANGUAGE_STANDARD = "gnu++20";
				CLANG_ENABLE_MODULES = YES;
				CLANG_ENABLE_OBJC_ARC = YES;
				CLANG_ENABLE_OBJC_WEAK = YES;
				CLANG_WARN_BLOCK_CAPTURE_AUTORELEASING = YES;
				CLANG_WARN_BOOL_CONVERSION = YES;
				CLANG_WARN_COMMA = YES;
				CLANG_WARN_CONSTANT_CONVERSION = YES;
				CLANG_WARN_DEPRECATED_OBJC_IMPLEMENTATIONS = YES;
				CLANG_WARN_DIRECT_OBJC_ISA_USAGE = YES_ERROR;
				CLANG_WARN_DOCUMENTATION_COMMENTS = YES;
				CLANG_WARN_EMPTY_BODY = YES;
				CLANG_WARN_ENUM_CONVERSION = YES;
				CLANG_WARN_INFINITE_RECURSION = YES;
				CLANG_WARN_INT_CONVERSION = YES;
				CLANG_WARN_NON_LITERAL_NULL_CONVERSION = YES;
				CLANG_WARN_OBJC_IMPLICIT_RETAIN_SELF = YES;
				CLANG_WARN_OBJC_LITERAL_CONVERSION = YES;
				CLANG_WARN_OBJC_ROOT_CLASS = YES_ERROR;
				CLANG_WARN_QUOTED_INCLUDE_IN_FRAMEWORK_HEADER = YES;
				CLANG_WARN_RANGE_LOOP_ANALYSIS = YES;
				CLANG_WARN_STRICT_PROTOTYPES = YES;
				CLANG_WARN_SUSPICIOUS_MOVE = YES;
				CLANG_WARN_UNGUARDED_AVAILABILITY = YES_AGGRESSIVE;
				CLANG_WARN_UNREACHABLE_CODE = YES;
				CLANG_WARN__DUPLICATE_METHOD_MATCH = YES;
				COPY_PHASE_STRIP = NO;
				DEBUG_INFORMATION_FORMAT = "dwarf-with-dsym";
				ENABLE_NS_ASSERTIONS = NO;
				ENABLE_STRICT_OBJC_MSGSEND = YES;
				GCC_C_LANGUAGE_STANDARD = gnu11;
				GCC_NO_COMMON_BLOCKS = YES;
				GCC_WARN_64_TO_32_BIT_CONVERSION = YES;
				GCC_WARN_ABOUT_RETURN_TYPE = YES_ERROR;
				GCC_WARN_UNDECLARED_SELECTOR = YES;
				GCC_WARN_UNINITIALIZED_AUTOS = YES_AGGRESSIVE;
				GCC_WARN_UNUSED_FUNCTION = YES;
				GCC_WARN_UNUSED_VARIABLE = YES;
				IPHONEOS_DEPLOYMENT_TARGET = 16.0;
				MTL_ENABLE_DEBUG_INFO = NO;
				MTL_FAST_MATH = YES;
				SDKROOT = iphoneos;
				SWIFT_COMPILATION_MODE = wholemodule;
				SWIFT_OPTIMIZATION_LEVEL = "-O";
				VALIDATE_PRODUCT = YES;
			};
			name = Release;
		};
		0AC3838729B12AE800E4A99D /* Debug */ = {
			isa = XCBuildConfiguration;
			buildSettings = {
				ASSETCATALOG_COMPILER_APPICON_NAME = AppIcon;
				ASSETCATALOG_COMPILER_GLOBAL_ACCENT_COLOR_NAME = AccentColor;
				CODE_SIGN_STYLE = Automatic;
				CURRENT_PROJECT_VERSION = 1;
				DEVELOPMENT_TEAM = JRLSR9A9K6;
				GENERATE_INFOPLIST_FILE = YES;
				INFOPLIST_FILE = ValveAPI/Info.plist;
				INFOPLIST_KEY_UIApplicationSupportsIndirectInputEvents = YES;
				INFOPLIST_KEY_UILaunchStoryboardName = LaunchScreen;
				INFOPLIST_KEY_UIMainStoryboardFile = Main;
				INFOPLIST_KEY_UISupportedInterfaceOrientations = UIInterfaceOrientationPortrait;
				INFOPLIST_KEY_UISupportedInterfaceOrientations_iPad = "UIInterfaceOrientationLandscapeLeft UIInterfaceOrientationLandscapeRight UIInterfaceOrientationPortrait UIInterfaceOrientationPortraitUpsideDown";
				LD_RUNPATH_SEARCH_PATHS = (
					"$(inherited)",
					"@executable_path/Frameworks",
				);
				MARKETING_VERSION = 1.0;
				PRODUCT_BUNDLE_IDENTIFIER = n3v.ValveAPI;
				PRODUCT_NAME = "$(TARGET_NAME)";
				SUPPORTED_PLATFORMS = "iphoneos iphonesimulator";
				SUPPORTS_MACCATALYST = NO;
				SUPPORTS_MAC_DESIGNED_FOR_IPHONE_IPAD = NO;
				SWIFT_EMIT_LOC_STRINGS = YES;
				SWIFT_VERSION = 5.0;
				TARGETED_DEVICE_FAMILY = 1;
			};
			name = Debug;
		};
		0AC3838829B12AE800E4A99D /* Release */ = {
			isa = XCBuildConfiguration;
			buildSettings = {
				ASSETCATALOG_COMPILER_APPICON_NAME = AppIcon;
				ASSETCATALOG_COMPILER_GLOBAL_ACCENT_COLOR_NAME = AccentColor;
				CODE_SIGN_STYLE = Automatic;
				CURRENT_PROJECT_VERSION = 1;
				DEVELOPMENT_TEAM = JRLSR9A9K6;
				GENERATE_INFOPLIST_FILE = YES;
				INFOPLIST_FILE = ValveAPI/Info.plist;
				INFOPLIST_KEY_UIApplicationSupportsIndirectInputEvents = YES;
				INFOPLIST_KEY_UILaunchStoryboardName = LaunchScreen;
				INFOPLIST_KEY_UIMainStoryboardFile = Main;
				INFOPLIST_KEY_UISupportedInterfaceOrientations = UIInterfaceOrientationPortrait;
				INFOPLIST_KEY_UISupportedInterfaceOrientations_iPad = "UIInterfaceOrientationLandscapeLeft UIInterfaceOrientationLandscapeRight UIInterfaceOrientationPortrait UIInterfaceOrientationPortraitUpsideDown";
				LD_RUNPATH_SEARCH_PATHS = (
					"$(inherited)",
					"@executable_path/Frameworks",
				);
				MARKETING_VERSION = 1.0;
				PRODUCT_BUNDLE_IDENTIFIER = n3v.ValveAPI;
				PRODUCT_NAME = "$(TARGET_NAME)";
				SUPPORTED_PLATFORMS = "iphoneos iphonesimulator";
				SUPPORTS_MACCATALYST = NO;
				SUPPORTS_MAC_DESIGNED_FOR_IPHONE_IPAD = NO;
				SWIFT_EMIT_LOC_STRINGS = YES;
				SWIFT_VERSION = 5.0;
				TARGETED_DEVICE_FAMILY = 1;
			};
			name = Release;
		};
/* End XCBuildConfiguration section */

/* Begin XCConfigurationList section */
		0AC3836D29B12AE600E4A99D /* Build configuration list for PBXProject "ValveAPI" */ = {
			isa = XCConfigurationList;
			buildConfigurations = (
				0AC3838429B12AE800E4A99D /* Debug */,
				0AC3838529B12AE800E4A99D /* Release */,
			);
			defaultConfigurationIsVisible = 0;
			defaultConfigurationName = Release;
		};
		0AC3838629B12AE800E4A99D /* Build configuration list for PBXNativeTarget "ValveAPI" */ = {
			isa = XCConfigurationList;
			buildConfigurations = (
				0AC3838729B12AE800E4A99D /* Debug */,
				0AC3838829B12AE800E4A99D /* Release */,
			);
			defaultConfigurationIsVisible = 0;
			defaultConfigurationName = Release;
		};
/* End XCConfigurationList section */
	};
	rootObject = 0AC3836A29B12AE600E4A99D /* Project object */;
}
